
Microsoft Visual Studio Solution File, Format Version 12.00
# Visual Studio Version 17
VisualStudioVersion = 17.8.34316.72
MinimumVisualStudioVersion = 10.0.40219.1
Project("{FAE04EC0-301F-11D3-BF4B-00C04F79EFBC}") = "Coffee", "Coffee\Coffee.csproj", "{21C6EF35-4B65-468D-880A-7B7CFD54920F}"
EndProject
Global
	GlobalSection(SolutionConfigurationPlatforms) = preSolution
		Debug|Any CPU = Debug|Any CPU
		Release|Any CPU = Release|Any CPU
	EndGlobalSection
	GlobalSection(ProjectConfigurationPlatforms) = postSolution
		{21C6EF35-4B65-468D-880A-7B7CFD54920F}.Debug|Any CPU.ActiveCfg = Debug|Any CPU
		{21C6EF35-4B65-468D-880A-7B7CFD54920F}.Debug|Any CPU.Build.0 = Debug|Any CPU
		{21C6EF35-4B65-468D-880A-7B7CFD54920F}.Release|Any CPU.ActiveCfg = Release|Any CPU
		{21C6EF35-4B65-468D-880A-7B7CFD54920F}.Release|Any CPU.Build.0 = Release|Any CPU
	EndGlobalSection
	GlobalSection(SolutionProperties) = preSolution
		HideSolutionNode = FALSE
	EndGlobalSection
	GlobalSection(ExtensibilityGlobals) = postSolution
		SolutionGuid = {1CB25926-F0F3-446C-9182-5D603F81B2E3}
	EndGlobalSection
EndGlobal
